Microsoft Visual Studio Solution File, Format Version 12.00
# Visual Studio Version 17
VisualStudioVersion = 17.5.320.0
MinimumVisualStudioVersion = 10.0.40219.1
Project("{FAE04EC0-301F-11D3-BF4B-00C04F79EFBC}") = "Frontend", "\home\alex\dev\CurrencyConverter\Frontend\Frontend.csproj", "{99210CB1-B393-3A82-411E-34D2F2B3F4A2}"
EndProject
Global
	GlobalSection(SolutionConfigurationPlatforms) = preSolution
		Debug|Any CPU = Debug|Any CPU
		Release|Any CPU = Release|Any CPU
	EndGlobalSection
	GlobalSection(ProjectConfigurationPlatforms) = postSolution
		{99210CB1-B393-3A82-411E-34D2F2B3F4A2}.Debug|Any CPU.ActiveCfg = Debug|Any CPU
		{99210CB1-B393-3A82-411E-34D2F2B3F4A2}.Debug|Any CPU.Build.0 = Debug|Any CPU
		{99210CB1-B393-3A82-411E-34D2F2B3F4A2}.Release|Any CPU.ActiveCfg = Release|Any CPU
		{99210CB1-B393-3A82-411E-34D2F2B3F4A2}.Release|Any CPU.Build.0 = Release|Any CPU
	EndGlobalSection
	GlobalSection(SolutionProperties) = preSolution
		HideSolutionNode = FALSE
	EndGlobalSection
	GlobalSection(ExtensibilityGlobals) = postSolution
		SolutionGuid = {98582FE6-6198-4973-99B9-48C2519ADCC4}
	EndGlobalSection
EndGlobal
